{
  "name": "nodetest",
  "version": "1.0.0",
  "lockfileVersion": 1,
  "requires": true,
  "dependencies": {
    "assertion-error": {
      "version": "1.0.2",
      "resolved": "https://registry.npmjs.org/assertion-error/-/assertion-error-1.0.2.tgz",
      "integrity": "sha1-E8pRXYYgbaC6xm6DTdOX2HWBCUw="
    },
    "chai": {
      "version": "4.1.2",
      "resolved": "https://registry.npmjs.org/chai/-/chai-4.1.2.tgz",
      "integrity": "sha1-D2RYS6ZC8PKs4oBiefTwbKI61zw=",
      "requires": {
        "assertion-error": "1.0.2",
        "check-error": "1.0.2",
        "deep-eql": "3.0.1",
        "get-func-name": "2.0.0",
        "pathval": "1.1.0",
        "type-detect": "4.0.5"
      }
    },
    "check-error": {
      "version": "1.0.2",
      "resolved": "https://registry.npmjs.org/check-error/-/check-error-1.0.2.tgz",
      "integrity": "sha1-V00xLt2Iu13YkS6Sht1sCu1KrII="
    },
    "complex.js": {
      "version": "2.0.4",
      "resolved": "https://registry.npmjs.org/complex.js/-/complex.js-2.0.4.tgz",
      "integrity": "sha512-Syl95HpxUTS0QjwNxencZsKukgh1zdS9uXeXX2Us0pHaqBR6kiZZi0AkZ9VpZFwHJyVIUVzI4EumjWdXP3fy6w=="
    },
    "decimal.js": {
      "version": "7.2.3",
      "resolved": "https://registry.npmjs.org/decimal.js/-/decimal.js-7.2.3.tgz",
      "integrity": "sha512-AoFI37QS0S87Ft0r3Bdz4q9xSpm1Paa9lSeKLXgMPk/u/+QPIM5Gy4DHcZQS1seqPJH4gHLauPGn347z0HbsrA=="
    },
    "deep-eql": {
      "version": "3.0.1",
      "resolved": "https://registry.npmjs.org/deep-eql/-/deep-eql-3.0.1.tgz",
      "integrity": "sha512-+QeIQyN5ZuO+3Uk5DYh6/1eKO0m0YmJFGNmFHGACpf1ClL1nmlV/p4gNgbl2pJGxgXb4faqo6UE+M5ACEMyVcw==",
      "requires": {
        "type-detect": "4.0.5"
      }
    },
    "ejs": {
      "version": "2.5.7",
      "resolved": "https://registry.npmjs.org/ejs/-/ejs-2.5.7.tgz",
      "integrity": "sha1-zIcsFoiArjxxiXYv1f/ACJbJUYo="
    },
    "fraction.js": {
      "version": "4.0.2",
      "resolved": "https://registry.npmjs.org/fraction.js/-/fraction.js-4.0.2.tgz",
      "integrity": "sha512-OswcigOSil3vYXgrPSx4NCaSyPikXqVNYN/4CyhS0ucVOJ4GVYr6KQQLLcAudvS/4bBOzxqJ3XIsFaaMjl98ZQ=="
    },
    "get-func-name": {
      "version": "2.0.0",
      "resolved": "https://registry.npmjs.org/get-func-name/-/get-func-name-2.0.0.tgz",
      "integrity": "sha1-6td0q+5y4gQJQzoGY2YCPdaIekE="
    },
    "javascript-natural-sort": {
      "version": "0.7.1",
      "resolved": "https://registry.npmjs.org/javascript-natural-sort/-/javascript-natural-sort-0.7.1.tgz",
      "integrity": "sha1-+eIwPUUH9tdDVac2ZNFED7Wg71k="
    },
    "loadjson": {
      "version": "1.1.2",
      "resolved": "https://registry.npmjs.org/loadjson/-/loadjson-1.1.2.tgz",
      "integrity": "sha1-aeG9U3E5qE9fT3LDxAzBSXbEbHo="
    },
    "lodash": {
      "version": "4.17.4",
      "resolved": "https://registry.npmjs.org/lodash/-/lodash-4.17.4.tgz",
      "integrity": "sha1-eCA6TRwyiuHYbcpkYONptX9AVa4="
    },
    "mathjs": {
      "version": "3.17.0",
      "resolved": "https://registry.npmjs.org/mathjs/-/mathjs-3.17.0.tgz",
      "integrity": "sha512-bFDSjjLV3+csekog1L6z3FjZ0uSkRPFcMlbLef8KXxq68jtQQ48W2f+JKJugM9y6KxJEtt1zWFIGQnYKWR0nxg==",
      "requires": {
        "complex.js": "2.0.4",
        "decimal.js": "7.2.3",
        "fraction.js": "4.0.2",
        "javascript-natural-sort": "0.7.1",
        "seed-random": "2.2.0",
        "tiny-emitter": "2.0.0",
        "typed-function": "0.10.6"
      }
    },
    "pathval": {
      "version": "1.1.0",
      "resolved": "https://registry.npmjs.org/pathval/-/pathval-1.1.0.tgz",
      "integrity": "sha1-uULm1L3mUwBe9rcTYd74cn0GReA="
    },
    "seed-random": {
      "version": "2.2.0",
      "resolved": "https://registry.npmjs.org/seed-random/-/seed-random-2.2.0.tgz",
      "integrity": "sha1-KpsZ4lCoFwmSMaW5mk2vgLf77VQ="
    },
    "simple-simplex": {
      "version": "1.0.1",
      "resolved": "https://registry.npmjs.org/simple-simplex/-/simple-simplex-1.0.1.tgz",
      "integrity": "sha512-pWyKLQGMHVb3pnChdKE6OOOl1pmkYfVCdYv2As92gobVw0T6ftzgK4MktJ9doFVqcBowreoi4emN1F/tbDXSTw==",
      "requires": {
        "chai": "4.1.2",
        "ejs": "2.5.7",
        "lodash": "4.17.4",
        "mathjs": "3.17.0"
      }
    },
    "tiny-emitter": {
      "version": "2.0.0",
      "resolved": "https://registry.npmjs.org/tiny-emitter/-/tiny-emitter-2.0.0.tgz",
      "integrity": "sha1-utMnrbGAS0KiMa+nQVMr2ITNCa0="
    },
    "type-detect": {
      "version": "4.0.5",
      "resolved": "https://registry.npmjs.org/type-detect/-/type-detect-4.0.5.tgz",
      "integrity": "sha512-N9IvkQslUGYGC24RkJk1ba99foK6TkwC2FHAEBlQFBP0RxQZS8ZpJuAZcwiY/w9ZJHFQb1aOXBI60OdxhTrwEQ=="
    },
    "typed-function": {
      "version": "0.10.6",
      "resolved": "https://registry.npmjs.org/typed-function/-/typed-function-0.10.6.tgz",
      "integrity": "sha512-PYtsDjxyW3vq7Itn2RMz0cn6CrbybIY6XC2i9c1q1o/H94QW8B1Pf3wSsbBDOCMpN1i5jDRrlDsLXFaqXBpfHQ=="
    }
  }
}
